
Microsoft Visual Studio Solution File, Format Version 12.00
# Visual Studio Version 16
VisualStudioVersion = 16.0.30011.22
MinimumVisualStudioVersion = 10.0.40219.1
Project("{FAE04EC0-301F-11D3-BF4B-00C04F79EFBC}") = "CD4.UI", "CD4.UI\CD4.UI.csproj", "{DC715704-CE7F-407A-A795-B72CCF8AFD9E}"
EndProject
Project("{00D1A9C2-B5F0-4AF3-8072-F6C62B433612}") = "CD4.Data", "CD4.Data\CD4.Data.sqlproj", "{E7D9DD5B-1699-47F8-818C-F5B0B67085B6}"
EndProject
Project("{FAE04EC0-301F-11D3-BF4B-00C04F79EFBC}") = "CD4.UI.Library", "CD4.UI.Library\CD4.UI.Library.csproj", "{87A4ABE4-6121-4D2B-A9A1-D68D053AEAFD}"
EndProject
Project("{FAE04EC0-301F-11D3-BF4B-00C04F79EFBC}") = "CD4.DataLibrary", "CD4.DataLibrary\CD4.DataLibrary.csproj", "{66FB9BAF-B529-4DFD-B0E9-E41B78F4EA76}"
EndProject
Project("{FAE04EC0-301F-11D3-BF4B-00C04F79EFBC}") = "CD4.UI.Library.Test", "CD4.UI.Library.Test\CD4.UI.Library.Test.csproj", "{D24066D9-0F24-48CC-9EE5-FBB916B794EA}"
EndProject
Project("{FAE04EC0-301F-11D3-BF4B-00C04F79EFBC}") = "CD4.ExcelInterface", "CD4.ExcelInterface\CD4.ExcelInterface.csproj", "{9E29C2BD-43AC-47D6-B546-90F918FEC8D6}"
EndProject
Project("{FAE04EC0-301F-11D3-BF4B-00C04F79EFBC}") = "CD4.ExcelInterface.Tests", "CD4.ExcelInterface.Tests\CD4.ExcelInterface.Tests.csproj", "{8BF007D0-24D7-48A8-83A1-360DBC2A99CD}"
EndProject
Project("{9A19103F-16F7-4668-BE54-9A1E7A4F7556}") = "CD4.ResultsInterface", "CD4.ResultsInterface\CD4.ResultsInterface.csproj", "{9631767C-1FA2-414A-BE49-596CF993270F}"
EndProject
Project("{FAE04EC0-301F-11D3-BF4B-00C04F79EFBC}") = "CD4.ExcelInterface.QuantStudio5", "CD4.ExcelInterface.QuantStudio5\CD4.ExcelInterface.QuantStudio5.csproj", "{FB4C42F1-BAF0-4C3F-B3E0-289C12BCB2D0}"
EndProject
Project("{9A19103F-16F7-4668-BE54-9A1E7A4F7556}") = "CD4.ReportDispatch.GrpcMailService", "CD4.ReportDispatch.GrpcMailService\CD4.ReportDispatch.GrpcMailService.csproj", "{9A9BC066-AF55-4D96-BE2C-62121E7543CB}"
EndProject
Project("{9A19103F-16F7-4668-BE54-9A1E7A4F7556}") = "CD4.Entensibility.ReportingFramework", "CD4.Entensibility.ReportingFramework\CD4.Entensibility.ReportingFramework.csproj", "{6F8B712A-EDD0-46BE-B756-0604FF82AB34}"
EndProject
Project("{FAE04EC0-301F-11D3-BF4B-00C04F79EFBC}") = "CD4.Extensions.Reports.Medlab", "CD4.Extensions.Reports.Medlab\CD4.Extensions.Reports.Medlab.csproj", "{B225B58C-7902-4D52-9004-6CCB580A6FC3}"
EndProject
Project("{9A19103F-16F7-4668-BE54-9A1E7A4F7556}") = "CD4.Exensibility.ReportDispatchFramework", "CD4.Extensibility.ReportDispatchFramework\CD4.Exensibility.ReportDispatchFramework.csproj", "{D26271EB-1436-4838-85A6-95CFA04C2E1B}"
EndProject
Project("{9A19103F-16F7-4668-BE54-9A1E7A4F7556}") = "CD4.AstmInterface", "CD4.AstmInterface\CD4.AstmInterface.csproj", "{79AE971C-CA22-4C63-9101-CCABD912EE36}"
EndProject
Project("{9A19103F-16F7-4668-BE54-9A1E7A4F7556}") = "CD4.ResultsInterface.Common", "CD4.ResultsInterface.Common\CD4.ResultsInterface.Common.csproj", "{C4E7A140-0B19-4F2D-9F9C-73997FB8061F}"
EndProject
Project("{FAE04EC0-301F-11D3-BF4B-00C04F79EFBC}") = "CD4.BillingInterface.GrpcService", "CD4.BillingInterface.GrpcService\CD4.BillingInterface.GrpcService.csproj", "{F9976F2E-C1C8-410E-9BCB-C1FD4F9E9D9D}"
EndProject
Global
	GlobalSection(SolutionConfigurationPlatforms) = preSolution
		Debug|Any CPU = Debug|Any CPU
		Debug|ARM = Debug|ARM
		Debug|ARM64 = Debug|ARM64
		Debug|x64 = Debug|x64
		Debug|x86 = Debug|x86
		Release|Any CPU = Release|Any CPU
		Release|ARM = Release|ARM
		Release|ARM64 = Release|ARM64
		Release|x64 = Release|x64
		Release|x86 = Release|x86
	EndGlobalSection
	GlobalSection(ProjectConfigurationPlatforms) = postSolution
		{DC715704-CE7F-407A-A795-B72CCF8AFD9E}.Debug|Any CPU.ActiveCfg = Debug|Any CPU
		{DC715704-CE7F-407A-A795-B72CCF8AFD9E}.Debug|Any CPU.Build.0 = Debug|Any CPU
		{DC715704-CE7F-407A-A795-B72CCF8AFD9E}.Debug|ARM.ActiveCfg = Debug|Any CPU
		{DC715704-CE7F-407A-A795-B72CCF8AFD9E}.Debug|ARM.Build.0 = Debug|Any CPU
		{DC715704-CE7F-407A-A795-B72CCF8AFD9E}.Debug|ARM64.ActiveCfg = Debug|Any CPU
		{DC715704-CE7F-407A-A795-B72CCF8AFD9E}.Debug|ARM64.Build.0 = Debug|Any CPU
		{DC715704-CE7F-407A-A795-B72CCF8AFD9E}.Debug|x64.ActiveCfg = Debug|x64
		{DC715704-CE7F-407A-A795-B72CCF8AFD9E}.Debug|x64.Build.0 = Debug|x64
		{DC715704-CE7F-407A-A795-B72CCF8AFD9E}.Debug|x86.ActiveCfg = Debug|x86
		{DC715704-CE7F-407A-A795-B72CCF8AFD9E}.Debug|x86.Build.0 = Debug|x86
		{DC715704-CE7F-407A-A795-B72CCF8AFD9E}.Release|Any CPU.ActiveCfg = Release|Any CPU
		{DC715704-CE7F-407A-A795-B72CCF8AFD9E}.Release|Any CPU.Build.0 = Release|Any CPU
		{DC715704-CE7F-407A-A795-B72CCF8AFD9E}.Release|ARM.ActiveCfg = Release|Any CPU
		{DC715704-CE7F-407A-A795-B72CCF8AFD9E}.Release|ARM.Build.0 = Release|Any CPU
		{DC715704-CE7F-407A-A795-B72CCF8AFD9E}.Release|ARM64.ActiveCfg = Release|Any CPU
		{DC715704-CE7F-407A-A795-B72CCF8AFD9E}.Release|ARM64.Build.0 = Release|Any CPU
		{DC715704-CE7F-407A-A795-B72CCF8AFD9E}.Release|x64.ActiveCfg = Release|x64
		{DC715704-CE7F-407A-A795-B72CCF8AFD9E}.Release|x64.Build.0 = Release|x64
		{DC715704-CE7F-407A-A795-B72CCF8AFD9E}.Release|x86.ActiveCfg = Release|x86
		{DC715704-CE7F-407A-A795-B72CCF8AFD9E}.Release|x86.Build.0 = Release|x86
		{E7D9DD5B-1699-47F8-818C-F5B0B67085B6}.Debug|Any CPU.ActiveCfg = Debug|Any CPU
		{E7D9DD5B-1699-47F8-818C-F5B0B67085B6}.Debug|Any CPU.Build.0 = Debug|Any CPU
		{E7D9DD5B-1699-47F8-818C-F5B0B67085B6}.Debug|Any CPU.Deploy.0 = Debug|Any CPU
		{E7D9DD5B-1699-47F8-818C-F5B0B67085B6}.Debug|ARM.ActiveCfg = Debug|Any CPU
		{E7D9DD5B-1699-47F8-818C-F5B0B67085B6}.Debug|ARM.Build.0 = Debug|Any CPU
		{E7D9DD5B-1699-47F8-818C-F5B0B67085B6}.Debug|ARM.Deploy.0 = Debug|Any CPU
		{E7D9DD5B-1699-47F8-818C-F5B0B67085B6}.Debug|ARM64.ActiveCfg = Debug|Any CPU
		{E7D9DD5B-1699-47F8-818C-F5B0B67085B6}.Debug|ARM64.Build.0 = Debug|Any CPU
		{E7D9DD5B-1699-47F8-818C-F5B0B67085B6}.Debug|ARM64.Deploy.0 = Debug|Any CPU
		{E7D9DD5B-1699-47F8-818C-F5B0B67085B6}.Debug|x64.ActiveCfg = Debug|x64
		{E7D9DD5B-1699-47F8-818C-F5B0B67085B6}.Debug|x64.Build.0 = Debug|x64
		{E7D9DD5B-1699-47F8-818C-F5B0B67085B6}.Debug|x64.Deploy.0 = Debug|x64
		{E7D9DD5B-1699-47F8-818C-F5B0B67085B6}.Debug|x86.ActiveCfg = Debug|x86
		{E7D9DD5B-1699-47F8-818C-F5B0B67085B6}.Debug|x86.Build.0 = Debug|x86
		{E7D9DD5B-1699-47F8-818C-F5B0B67085B6}.Debug|x86.Deploy.0 = Debug|x86
		{E7D9DD5B-1699-47F8-818C-F5B0B67085B6}.Release|Any CPU.ActiveCfg = Release|Any CPU
		{E7D9DD5B-1699-47F8-818C-F5B0B67085B6}.Release|Any CPU.Build.0 = Release|Any CPU
		{E7D9DD5B-1699-47F8-818C-F5B0B67085B6}.Release|Any CPU.Deploy.0 = Release|Any CPU
		{E7D9DD5B-1699-47F8-818C-F5B0B67085B6}.Release|ARM.ActiveCfg = Release|Any CPU
		{E7D9DD5B-1699-47F8-818C-F5B0B67085B6}.Release|ARM.Build.0 = Release|Any CPU
		{E7D9DD5B-1699-47F8-818C-F5B0B67085B6}.Release|ARM.Deploy.0 = Release|Any CPU
		{E7D9DD5B-1699-47F8-818C-F5B0B67085B6}.Release|ARM64.ActiveCfg = Release|Any CPU
		{E7D9DD5B-1699-47F8-818C-F5B0B67085B6}.Release|ARM64.Build.0 = Release|Any CPU
		{E7D9DD5B-1699-47F8-818C-F5B0B67085B6}.Release|ARM64.Deploy.0 = Release|Any CPU
		{E7D9DD5B-1699-47F8-818C-F5B0B67085B6}.Release|x64.ActiveCfg = Release|x64
		{E7D9DD5B-1699-47F8-818C-F5B0B67085B6}.Release|x64.Build.0 = Release|x64
		{E7D9DD5B-1699-47F8-818C-F5B0B67085B6}.Release|x64.Deploy.0 = Release|x64
		{E7D9DD5B-1699-47F8-818C-F5B0B67085B6}.Release|x86.ActiveCfg = Release|x86
		{E7D9DD5B-1699-47F8-818C-F5B0B67085B6}.Release|x86.Build.0 = Release|x86
		{E7D9DD5B-1699-47F8-818C-F5B0B67085B6}.Release|x86.Deploy.0 = Release|x86
		{87A4ABE4-6121-4D2B-A9A1-D68D053AEAFD}.Debug|Any CPU.ActiveCfg = Debug|Any CPU
		{87A4ABE4-6121-4D2B-A9A1-D68D053AEAFD}.Debug|Any CPU.Build.0 = Debug|Any CPU
		{87A4ABE4-6121-4D2B-A9A1-D68D053AEAFD}.Debug|ARM.ActiveCfg = Debug|Any CPU
		{87A4ABE4-6121-4D2B-A9A1-D68D053AEAFD}.Debug|ARM.Build.0 = Debug|Any CPU
		{87A4ABE4-6121-4D2B-A9A1-D68D053AEAFD}.Debug|ARM64.ActiveCfg = Debug|Any CPU
		{87A4ABE4-6121-4D2B-A9A1-D68D053AEAFD}.Debug|ARM64.Build.0 = Debug|Any CPU
		{87A4ABE4-6121-4D2B-A9A1-D68D053AEAFD}.Debug|x64.ActiveCfg = Debug|x64
		{87A4ABE4-6121-4D2B-A9A1-D68D053AEAFD}.Debug|x64.Build.0 = Debug|x64
		{87A4ABE4-6121-4D2B-A9A1-D68D053AEAFD}.Debug|x86.ActiveCfg = Debug|x86
		{87A4ABE4-6121-4D2B-A9A1-D68D053AEAFD}.Debug|x86.Build.0 = Debug|x86
		{87A4ABE4-6121-4D2B-A9A1-D68D053AEAFD}.Release|Any CPU.ActiveCfg = Release|Any CPU
		{87A4ABE4-6121-4D2B-A9A1-D68D053AEAFD}.Release|Any CPU.Build.0 = Release|Any CPU
		{87A4ABE4-6121-4D2B-A9A1-D68D053AEAFD}.Release|ARM.ActiveCfg = Release|Any CPU
		{87A4ABE4-6121-4D2B-A9A1-D68D053AEAFD}.Release|ARM.Build.0 = Release|Any CPU
		{87A4ABE4-6121-4D2B-A9A1-D68D053AEAFD}.Release|ARM64.ActiveCfg = Release|Any CPU
		{87A4ABE4-6121-4D2B-A9A1-D68D053AEAFD}.Release|ARM64.Build.0 = Release|Any CPU
		{87A4ABE4-6121-4D2B-A9A1-D68D053AEAFD}.Release|x64.ActiveCfg = Release|x64
		{87A4ABE4-6121-4D2B-A9A1-D68D053AEAFD}.Release|x64.Build.0 = Release|x64
		{87A4ABE4-6121-4D2B-A9A1-D68D053AEAFD}.Release|x86.ActiveCfg = Release|x86
		{87A4ABE4-6121-4D2B-A9A1-D68D053AEAFD}.Release|x86.Build.0 = Release|x86
		{66FB9BAF-B529-4DFD-B0E9-E41B78F4EA76}.Debug|Any CPU.ActiveCfg = Debug|Any CPU
		{66FB9BAF-B529-4DFD-B0E9-E41B78F4EA76}.Debug|Any CPU.Build.0 = Debug|Any CPU
		{66FB9BAF-B529-4DFD-B0E9-E41B78F4EA76}.Debug|ARM.ActiveCfg = Debug|Any CPU
		{66FB9BAF-B529-4DFD-B0E9-E41B78F4EA76}.Debug|ARM.Build.0 = Debug|Any CPU
		{66FB9BAF-B529-4DFD-B0E9-E41B78F4EA76}.Debug|ARM64.ActiveCfg = Debug|Any CPU
		{66FB9BAF-B529-4DFD-B0E9-E41B78F4EA76}.Debug|ARM64.Build.0 = Debug|Any CPU
		{66FB9BAF-B529-4DFD-B0E9-E41B78F4EA76}.Debug|x64.ActiveCfg = Debug|x64
		{66FB9BAF-B529-4DFD-B0E9-E41B78F4EA76}.Debug|x64.Build.0 = Debug|x64
		{66FB9BAF-B529-4DFD-B0E9-E41B78F4EA76}.Debug|x86.ActiveCfg = Debug|x86
		{66FB9BAF-B529-4DFD-B0E9-E41B78F4EA76}.Debug|x86.Build.0 = Debug|x86
		{66FB9BAF-B529-4DFD-B0E9-E41B78F4EA76}.Release|Any CPU.ActiveCfg = Release|Any CPU
		{66FB9BAF-B529-4DFD-B0E9-E41B78F4EA76}.Release|Any CPU.Build.0 = Release|Any CPU
		{66FB9BAF-B529-4DFD-B0E9-E41B78F4EA76}.Release|ARM.ActiveCfg = Release|Any CPU
		{66FB9BAF-B529-4DFD-B0E9-E41B78F4EA76}.Release|ARM.Build.0 = Release|Any CPU
		{66FB9BAF-B529-4DFD-B0E9-E41B78F4EA76}.Release|ARM64.ActiveCfg = Release|Any CPU
		{66FB9BAF-B529-4DFD-B0E9-E41B78F4EA76}.Release|ARM64.Build.0 = Release|Any CPU
		{66FB9BAF-B529-4DFD-B0E9-E41B78F4EA76}.Release|x64.ActiveCfg = Release|x64
		{66FB9BAF-B529-4DFD-B0E9-E41B78F4EA76}.Release|x64.Build.0 = Release|x64
		{66FB9BAF-B529-4DFD-B0E9-E41B78F4EA76}.Release|x86.ActiveCfg = Release|x86
		{66FB9BAF-B529-4DFD-B0E9-E41B78F4EA76}.Release|x86.Build.0 = Release|x86
		{D24066D9-0F24-48CC-9EE5-FBB916B794EA}.Debug|Any CPU.ActiveCfg = Debug|Any CPU
		{D24066D9-0F24-48CC-9EE5-FBB916B794EA}.Debug|Any CPU.Build.0 = Debug|Any CPU
		{D24066D9-0F24-48CC-9EE5-FBB916B794EA}.Debug|ARM.ActiveCfg = Debug|Any CPU
		{D24066D9-0F24-48CC-9EE5-FBB916B794EA}.Debug|ARM.Build.0 = Debug|Any CPU
		{D24066D9-0F24-48CC-9EE5-FBB916B794EA}.Debug|ARM64.ActiveCfg = Debug|Any CPU
		{D24066D9-0F24-48CC-9EE5-FBB916B794EA}.Debug|ARM64.Build.0 = Debug|Any CPU
		{D24066D9-0F24-48CC-9EE5-FBB916B794EA}.Debug|x64.ActiveCfg = Debug|x64
		{D24066D9-0F24-48CC-9EE5-FBB916B794EA}.Debug|x64.Build.0 = Debug|x64
		{D24066D9-0F24-48CC-9EE5-FBB916B794EA}.Debug|x86.ActiveCfg = Debug|x86
		{D24066D9-0F24-48CC-9EE5-FBB916B794EA}.Debug|x86.Build.0 = Debug|x86
		{D24066D9-0F24-48CC-9EE5-FBB916B794EA}.Release|Any CPU.ActiveCfg = Release|Any CPU
		{D24066D9-0F24-48CC-9EE5-FBB916B794EA}.Release|Any CPU.Build.0 = Release|Any CPU
		{D24066D9-0F24-48CC-9EE5-FBB916B794EA}.Release|ARM.ActiveCfg = Release|Any CPU
		{D24066D9-0F24-48CC-9EE5-FBB916B794EA}.Release|ARM.Build.0 = Release|Any CPU
		{D24066D9-0F24-48CC-9EE5-FBB916B794EA}.Release|ARM64.ActiveCfg = Release|Any CPU
		{D24066D9-0F24-48CC-9EE5-FBB916B794EA}.Release|ARM64.Build.0 = Release|Any CPU
		{D24066D9-0F24-48CC-9EE5-FBB916B794EA}.Release|x64.ActiveCfg = Release|x64
		{D24066D9-0F24-48CC-9EE5-FBB916B794EA}.Release|x64.Build.0 = Release|x64
		{D24066D9-0F24-48CC-9EE5-FBB916B794EA}.Release|x86.ActiveCfg = Release|x86
		{D24066D9-0F24-48CC-9EE5-FBB916B794EA}.Release|x86.Build.0 = Release|x86
		{9E29C2BD-43AC-47D6-B546-90F918FEC8D6}.Debug|Any CPU.ActiveCfg = Debug|Any CPU
		{9E29C2BD-43AC-47D6-B546-90F918FEC8D6}.Debug|Any CPU.Build.0 = Debug|Any CPU
		{9E29C2BD-43AC-47D6-B546-90F918FEC8D6}.Debug|ARM.ActiveCfg = Debug|Any CPU
		{9E29C2BD-43AC-47D6-B546-90F918FEC8D6}.Debug|ARM.Build.0 = Debug|Any CPU
		{9E29C2BD-43AC-47D6-B546-90F918FEC8D6}.Debug|ARM64.ActiveCfg = Debug|Any CPU
		{9E29C2BD-43AC-47D6-B546-90F918FEC8D6}.Debug|ARM64.Build.0 = Debug|Any CPU
		{9E29C2BD-43AC-47D6-B546-90F918FEC8D6}.Debug|x64.ActiveCfg = Debug|x64
		{9E29C2BD-43AC-47D6-B546-90F918FEC8D6}.Debug|x64.Build.0 = Debug|x64
		{9E29C2BD-43AC-47D6-B546-90F918FEC8D6}.Debug|x86.ActiveCfg = Debug|x86
		{9E29C2BD-43AC-47D6-B546-90F918FEC8D6}.Debug|x86.Build.0 = Debug|x86
		{9E29C2BD-43AC-47D6-B546-90F918FEC8D6}.Release|Any CPU.ActiveCfg = Release|Any CPU
		{9E29C2BD-43AC-47D6-B546-90F918FEC8D6}.Release|Any CPU.Build.0 = Release|Any CPU
		{9E29C2BD-43AC-47D6-B546-90F918FEC8D6}.Release|ARM.ActiveCfg = Release|Any CPU
		{9E29C2BD-43AC-47D6-B546-90F918FEC8D6}.Release|ARM.Build.0 = Release|Any CPU
		{9E29C2BD-43AC-47D6-B546-90F918FEC8D6}.Release|ARM64.ActiveCfg = Release|Any CPU
		{9E29C2BD-43AC-47D6-B546-90F918FEC8D6}.Release|ARM64.Build.0 = Release|Any CPU
		{9E29C2BD-43AC-47D6-B546-90F918FEC8D6}.Release|x64.ActiveCfg = Release|x64
		{9E29C2BD-43AC-47D6-B546-90F918FEC8D6}.Release|x64.Build.0 = Release|x64
		{9E29C2BD-43AC-47D6-B546-90F918FEC8D6}.Release|x86.ActiveCfg = Release|x86
		{9E29C2BD-43AC-47D6-B546-90F918FEC8D6}.Release|x86.Build.0 = Release|x86
		{8BF007D0-24D7-48A8-83A1-360DBC2A99CD}.Debug|Any CPU.ActiveCfg = Debug|Any CPU
		{8BF007D0-24D7-48A8-83A1-360DBC2A99CD}.Debug|Any CPU.Build.0 = Debug|Any CPU
		{8BF007D0-24D7-48A8-83A1-360DBC2A99CD}.Debug|ARM.ActiveCfg = Debug|Any CPU
		{8BF007D0-24D7-48A8-83A1-360DBC2A99CD}.Debug|ARM.Build.0 = Debug|Any CPU
		{8BF007D0-24D7-48A8-83A1-360DBC2A99CD}.Debug|ARM64.ActiveCfg = Debug|Any CPU
		{8BF007D0-24D7-48A8-83A1-360DBC2A99CD}.Debug|ARM64.Build.0 = Debug|Any CPU
		{8BF007D0-24D7-48A8-83A1-360DBC2A99CD}.Debug|x64.ActiveCfg = Debug|x64
		{8BF007D0-24D7-48A8-83A1-360DBC2A99CD}.Debug|x64.Build.0 = Debug|x64
		{8BF007D0-24D7-48A8-83A1-360DBC2A99CD}.Debug|x86.ActiveCfg = Debug|x86
		{8BF007D0-24D7-48A8-83A1-360DBC2A99CD}.Debug|x86.Build.0 = Debug|x86
		{8BF007D0-24D7-48A8-83A1-360DBC2A99CD}.Release|Any CPU.ActiveCfg = Release|Any CPU
		{8BF007D0-24D7-48A8-83A1-360DBC2A99CD}.Release|Any CPU.Build.0 = Release|Any CPU
		{8BF007D0-24D7-48A8-83A1-360DBC2A99CD}.Release|ARM.ActiveCfg = Release|Any CPU
		{8BF007D0-24D7-48A8-83A1-360DBC2A99CD}.Release|ARM.Build.0 = Release|Any CPU
		{8BF007D0-24D7-48A8-83A1-360DBC2A99CD}.Release|ARM64.ActiveCfg = Release|Any CPU
		{8BF007D0-24D7-48A8-83A1-360DBC2A99CD}.Release|ARM64.Build.0 = Release|Any CPU
		{8BF007D0-24D7-48A8-83A1-360DBC2A99CD}.Release|x64.ActiveCfg = Release|x64
		{8BF007D0-24D7-48A8-83A1-360DBC2A99CD}.Release|x64.Build.0 = Release|x64
		{8BF007D0-24D7-48A8-83A1-360DBC2A99CD}.Release|x86.ActiveCfg = Release|Any CPU
		{8BF007D0-24D7-48A8-83A1-360DBC2A99CD}.Release|x86.Build.0 = Release|Any CPU
		{9631767C-1FA2-414A-BE49-596CF993270F}.Debug|Any CPU.ActiveCfg = Debug|Any CPU
		{9631767C-1FA2-414A-BE49-596CF993270F}.Debug|Any CPU.Build.0 = Debug|Any CPU
		{9631767C-1FA2-414A-BE49-596CF993270F}.Debug|ARM.ActiveCfg = Debug|Any CPU
		{9631767C-1FA2-414A-BE49-596CF993270F}.Debug|ARM.Build.0 = Debug|Any CPU
		{9631767C-1FA2-414A-BE49-596CF993270F}.Debug|ARM64.ActiveCfg = Debug|Any CPU
		{9631767C-1FA2-414A-BE49-596CF993270F}.Debug|ARM64.Build.0 = Debug|Any CPU
		{9631767C-1FA2-414A-BE49-596CF993270F}.Debug|x64.ActiveCfg = Debug|x64
		{9631767C-1FA2-414A-BE49-596CF993270F}.Debug|x64.Build.0 = Debug|x64
		{9631767C-1FA2-414A-BE49-596CF993270F}.Debug|x86.ActiveCfg = Debug|x86
		{9631767C-1FA2-414A-BE49-596CF993270F}.Debug|x86.Build.0 = Debug|x86
		{9631767C-1FA2-414A-BE49-596CF993270F}.Release|Any CPU.ActiveCfg = Release|Any CPU
		{9631767C-1FA2-414A-BE49-596CF993270F}.Release|Any CPU.Build.0 = Release|Any CPU
		{9631767C-1FA2-414A-BE49-596CF993270F}.Release|ARM.ActiveCfg = Release|Any CPU
		{9631767C-1FA2-414A-BE49-596CF993270F}.Release|ARM.Build.0 = Release|Any CPU
		{9631767C-1FA2-414A-BE49-596CF993270F}.Release|ARM64.ActiveCfg = Release|Any CPU
		{9631767C-1FA2-414A-BE49-596CF993270F}.Release|ARM64.Build.0 = Release|Any CPU
		{9631767C-1FA2-414A-BE49-596CF993270F}.Release|x64.ActiveCfg = Release|x64
		{9631767C-1FA2-414A-BE49-596CF993270F}.Release|x64.Build.0 = Release|x64
		{9631767C-1FA2-414A-BE49-596CF993270F}.Release|x86.ActiveCfg = Release|Any CPU
		{9631767C-1FA2-414A-BE49-596CF993270F}.Release|x86.Build.0 = Release|Any CPU
		{FB4C42F1-BAF0-4C3F-B3E0-289C12BCB2D0}.Debug|Any CPU.ActiveCfg = Debug|Any CPU
		{FB4C42F1-BAF0-4C3F-B3E0-289C12BCB2D0}.Debug|Any CPU.Build.0 = Debug|Any CPU
		{FB4C42F1-BAF0-4C3F-B3E0-289C12BCB2D0}.Debug|ARM.ActiveCfg = Debug|Any CPU
		{FB4C42F1-BAF0-4C3F-B3E0-289C12BCB2D0}.Debug|ARM.Build.0 = Debug|Any CPU
		{FB4C42F1-BAF0-4C3F-B3E0-289C12BCB2D0}.Debug|ARM64.ActiveCfg = Debug|Any CPU
		{FB4C42F1-BAF0-4C3F-B3E0-289C12BCB2D0}.Debug|ARM64.Build.0 = Debug|Any CPU
		{FB4C42F1-BAF0-4C3F-B3E0-289C12BCB2D0}.Debug|x64.ActiveCfg = Debug|x64
		{FB4C42F1-BAF0-4C3F-B3E0-289C12BCB2D0}.Debug|x64.Build.0 = Debug|x64
		{FB4C42F1-BAF0-4C3F-B3E0-289C12BCB2D0}.Debug|x86.ActiveCfg = Debug|x86
		{FB4C42F1-BAF0-4C3F-B3E0-289C12BCB2D0}.Debug|x86.Build.0 = Debug|x86
		{FB4C42F1-BAF0-4C3F-B3E0-289C12BCB2D0}.Release|Any CPU.ActiveCfg = Release|Any CPU
		{FB4C42F1-BAF0-4C3F-B3E0-289C12BCB2D0}.Release|Any CPU.Build.0 = Release|Any CPU
		{FB4C42F1-BAF0-4C3F-B3E0-289C12BCB2D0}.Release|ARM.ActiveCfg = Release|Any CPU
		{FB4C42F1-BAF0-4C3F-B3E0-289C12BCB2D0}.Release|ARM.Build.0 = Release|Any CPU
		{FB4C42F1-BAF0-4C3F-B3E0-289C12BCB2D0}.Release|ARM64.ActiveCfg = Release|Any CPU
		{FB4C42F1-BAF0-4C3F-B3E0-289C12BCB2D0}.Release|ARM64.Build.0 = Release|Any CPU
		{FB4C42F1-BAF0-4C3F-B3E0-289C12BCB2D0}.Release|x64.ActiveCfg = Release|x64
		{FB4C42F1-BAF0-4C3F-B3E0-289C12BCB2D0}.Release|x64.Build.0 = Release|x64
		{FB4C42F1-BAF0-4C3F-B3E0-289C12BCB2D0}.Release|x86.ActiveCfg = Release|Any CPU
		{FB4C42F1-BAF0-4C3F-B3E0-289C12BCB2D0}.Release|x86.Build.0 = Release|Any CPU
		{9A9BC066-AF55-4D96-BE2C-62121E7543CB}.Debug|Any CPU.ActiveCfg = Debug|Any CPU
		{9A9BC066-AF55-4D96-BE2C-62121E7543CB}.Debug|Any CPU.Build.0 = Debug|Any CPU
		{9A9BC066-AF55-4D96-BE2C-62121E7543CB}.Debug|ARM.ActiveCfg = Debug|Any CPU
		{9A9BC066-AF55-4D96-BE2C-62121E7543CB}.Debug|ARM.Build.0 = Debug|Any CPU
		{9A9BC066-AF55-4D96-BE2C-62121E7543CB}.Debug|ARM64.ActiveCfg = Debug|Any CPU
		{9A9BC066-AF55-4D96-BE2C-62121E7543CB}.Debug|ARM64.Build.0 = Debug|Any CPU
		{9A9BC066-AF55-4D96-BE2C-62121E7543CB}.Debug|x64.ActiveCfg = Debug|x64
		{9A9BC066-AF55-4D96-BE2C-62121E7543CB}.Debug|x64.Build.0 = Debug|x64
		{9A9BC066-AF55-4D96-BE2C-62121E7543CB}.Debug|x86.ActiveCfg = Debug|x86
		{9A9BC066-AF55-4D96-BE2C-62121E7543CB}.Debug|x86.Build.0 = Debug|x86
		{9A9BC066-AF55-4D96-BE2C-62121E7543CB}.Release|Any CPU.ActiveCfg = Release|Any CPU
		{9A9BC066-AF55-4D96-BE2C-62121E7543CB}.Release|Any CPU.Build.0 = Release|Any CPU
		{9A9BC066-AF55-4D96-BE2C-62121E7543CB}.Release|ARM.ActiveCfg = Release|Any CPU
		{9A9BC066-AF55-4D96-BE2C-62121E7543CB}.Release|ARM.Build.0 = Release|Any CPU
		{9A9BC066-AF55-4D96-BE2C-62121E7543CB}.Release|ARM64.ActiveCfg = Release|Any CPU
		{9A9BC066-AF55-4D96-BE2C-62121E7543CB}.Release|ARM64.Build.0 = Release|Any CPU
		{9A9BC066-AF55-4D96-BE2C-62121E7543CB}.Release|x64.ActiveCfg = Release|Any CPU
		{9A9BC066-AF55-4D96-BE2C-62121E7543CB}.Release|x64.Build.0 = Release|Any CPU
		{9A9BC066-AF55-4D96-BE2C-62121E7543CB}.Release|x86.ActiveCfg = Release|Any CPU
		{9A9BC066-AF55-4D96-BE2C-62121E7543CB}.Release|x86.Build.0 = Release|Any CPU
		{6F8B712A-EDD0-46BE-B756-0604FF82AB34}.Debug|Any CPU.ActiveCfg = Debug|Any CPU
		{6F8B712A-EDD0-46BE-B756-0604FF82AB34}.Debug|Any CPU.Build.0 = Debug|Any CPU
		{6F8B712A-EDD0-46BE-B756-0604FF82AB34}.Debug|ARM.ActiveCfg = Debug|Any CPU
		{6F8B712A-EDD0-46BE-B756-0604FF82AB34}.Debug|ARM.Build.0 = Debug|Any CPU
		{6F8B712A-EDD0-46BE-B756-0604FF82AB34}.Debug|ARM64.ActiveCfg = Debug|Any CPU
		{6F8B712A-EDD0-46BE-B756-0604FF82AB34}.Debug|ARM64.Build.0 = Debug|Any CPU
		{6F8B712A-EDD0-46BE-B756-0604FF82AB34}.Debug|x64.ActiveCfg = Debug|x64
		{6F8B712A-EDD0-46BE-B756-0604FF82AB34}.Debug|x64.Build.0 = Debug|x64
		{6F8B712A-EDD0-46BE-B756-0604FF82AB34}.Debug|x86.ActiveCfg = Debug|x86
		{6F8B712A-EDD0-46BE-B756-0604FF82AB34}.Debug|x86.Build.0 = Debug|x86
		{6F8B712A-EDD0-46BE-B756-0604FF82AB34}.Release|Any CPU.ActiveCfg = Release|Any CPU
		{6F8B712A-EDD0-46BE-B756-0604FF82AB34}.Release|Any CPU.Build.0 = Release|Any CPU
		{6F8B712A-EDD0-46BE-B756-0604FF82AB34}.Release|ARM.ActiveCfg = Release|Any CPU
		{6F8B712A-EDD0-46BE-B756-0604FF82AB34}.Release|ARM.Build.0 = Release|Any CPU
		{6F8B712A-EDD0-46BE-B756-0604FF82AB34}.Release|ARM64.ActiveCfg = Release|Any CPU
		{6F8B712A-EDD0-46BE-B756-0604FF82AB34}.Release|ARM64.Build.0 = Release|Any CPU
		{6F8B712A-EDD0-46BE-B756-0604FF82AB34}.Release|x64.ActiveCfg = Release|Any CPU
		{6F8B712A-EDD0-46BE-B756-0604FF82AB34}.Release|x64.Build.0 = Release|Any CPU
		{6F8B712A-EDD0-46BE-B756-0604FF82AB34}.Release|x86.ActiveCfg = Release|Any CPU
		{6F8B712A-EDD0-46BE-B756-0604FF82AB34}.Release|x86.Build.0 = Release|Any CPU
		{B225B58C-7902-4D52-9004-6CCB580A6FC3}.Debug|Any CPU.ActiveCfg = Debug|Any CPU
		{B225B58C-7902-4D52-9004-6CCB580A6FC3}.Debug|Any CPU.Build.0 = Debug|Any CPU
		{B225B58C-7902-4D52-9004-6CCB580A6FC3}.Debug|ARM.ActiveCfg = Debug|Any CPU
		{B225B58C-7902-4D52-9004-6CCB580A6FC3}.Debug|ARM.Build.0 = Debug|Any CPU
		{B225B58C-7902-4D52-9004-6CCB580A6FC3}.Debug|ARM64.ActiveCfg = Debug|Any CPU
		{B225B58C-7902-4D52-9004-6CCB580A6FC3}.Debug|ARM64.Build.0 = Debug|Any CPU
		{B225B58C-7902-4D52-9004-6CCB580A6FC3}.Debug|x64.ActiveCfg = Debug|x64
		{B225B58C-7902-4D52-9004-6CCB580A6FC3}.Debug|x64.Build.0 = Debug|x64
		{B225B58C-7902-4D52-9004-6CCB580A6FC3}.Debug|x86.ActiveCfg = Debug|x86
		{B225B58C-7902-4D52-9004-6CCB580A6FC3}.Debug|x86.Build.0 = Debug|x86
		{B225B58C-7902-4D52-9004-6CCB580A6FC3}.Release|Any CPU.ActiveCfg = Release|Any CPU
		{B225B58C-7902-4D52-9004-6CCB580A6FC3}.Release|Any CPU.Build.0 = Release|Any CPU
		{B225B58C-7902-4D52-9004-6CCB580A6FC3}.Release|ARM.ActiveCfg = Release|Any CPU
		{B225B58C-7902-4D52-9004-6CCB580A6FC3}.Release|ARM.Build.0 = Release|Any CPU
		{B225B58C-7902-4D52-9004-6CCB580A6FC3}.Release|ARM64.ActiveCfg = Release|Any CPU
		{B225B58C-7902-4D52-9004-6CCB580A6FC3}.Release|ARM64.Build.0 = Release|Any CPU
		{B225B58C-7902-4D52-9004-6CCB580A6FC3}.Release|x64.ActiveCfg = Release|Any CPU
		{B225B58C-7902-4D52-9004-6CCB580A6FC3}.Release|x64.Build.0 = Release|Any CPU
		{B225B58C-7902-4D52-9004-6CCB580A6FC3}.Release|x86.ActiveCfg = Release|Any CPU
		{B225B58C-7902-4D52-9004-6CCB580A6FC3}.Release|x86.Build.0 = Release|Any CPU
		{D26271EB-1436-4838-85A6-95CFA04C2E1B}.Debug|Any CPU.ActiveCfg = Debug|Any CPU
		{D26271EB-1436-4838-85A6-95CFA04C2E1B}.Debug|Any CPU.Build.0 = Debug|Any CPU
		{D26271EB-1436-4838-85A6-95CFA04C2E1B}.Debug|ARM.ActiveCfg = Debug|Any CPU
		{D26271EB-1436-4838-85A6-95CFA04C2E1B}.Debug|ARM.Build.0 = Debug|Any CPU
		{D26271EB-1436-4838-85A6-95CFA04C2E1B}.Debug|ARM64.ActiveCfg = Debug|Any CPU
		{D26271EB-1436-4838-85A6-95CFA04C2E1B}.Debug|ARM64.Build.0 = Debug|Any CPU
		{D26271EB-1436-4838-85A6-95CFA04C2E1B}.Debug|x64.ActiveCfg = Debug|x64
		{D26271EB-1436-4838-85A6-95CFA04C2E1B}.Debug|x64.Build.0 = Debug|x64
		{D26271EB-1436-4838-85A6-95CFA04C2E1B}.Debug|x86.ActiveCfg = Debug|x86
		{D26271EB-1436-4838-85A6-95CFA04C2E1B}.Debug|x86.Build.0 = Debug|x86
		{D26271EB-1436-4838-85A6-95CFA04C2E1B}.Release|Any CPU.ActiveCfg = Release|Any CPU
		{D26271EB-1436-4838-85A6-95CFA04C2E1B}.Release|Any CPU.Build.0 = Release|Any CPU
		{D26271EB-1436-4838-85A6-95CFA04C2E1B}.Release|ARM.ActiveCfg = Release|Any CPU
		{D26271EB-1436-4838-85A6-95CFA04C2E1B}.Release|ARM.Build.0 = Release|Any CPU
		{D26271EB-1436-4838-85A6-95CFA04C2E1B}.Release|ARM64.ActiveCfg = Release|Any CPU
		{D26271EB-1436-4838-85A6-95CFA04C2E1B}.Release|ARM64.Build.0 = Release|Any CPU
		{D26271EB-1436-4838-85A6-95CFA04C2E1B}.Release|x64.ActiveCfg = Release|x64
		{D26271EB-1436-4838-85A6-95CFA04C2E1B}.Release|x64.Build.0 = Release|x64
		{D26271EB-1436-4838-85A6-95CFA04C2E1B}.Release|x86.ActiveCfg = Release|Any CPU
		{D26271EB-1436-4838-85A6-95CFA04C2E1B}.Release|x86.Build.0 = Release|Any CPU
		{79AE971C-CA22-4C63-9101-CCABD912EE36}.Debug|Any CPU.ActiveCfg = Debug|Any CPU
		{79AE971C-CA22-4C63-9101-CCABD912EE36}.Debug|Any CPU.Build.0 = Debug|Any CPU
		{79AE971C-CA22-4C63-9101-CCABD912EE36}.Debug|ARM.ActiveCfg = Debug|Any CPU
		{79AE971C-CA22-4C63-9101-CCABD912EE36}.Debug|ARM.Build.0 = Debug|Any CPU
		{79AE971C-CA22-4C63-9101-CCABD912EE36}.Debug|ARM64.ActiveCfg = Debug|Any CPU
		{79AE971C-CA22-4C63-9101-CCABD912EE36}.Debug|ARM64.Build.0 = Debug|Any CPU
		{79AE971C-CA22-4C63-9101-CCABD912EE36}.Debug|x64.ActiveCfg = Debug|x64
		{79AE971C-CA22-4C63-9101-CCABD912EE36}.Debug|x64.Build.0 = Debug|x64
		{79AE971C-CA22-4C63-9101-CCABD912EE36}.Debug|x86.ActiveCfg = Debug|Any CPU
		{79AE971C-CA22-4C63-9101-CCABD912EE36}.Debug|x86.Build.0 = Debug|Any CPU
		{79AE971C-CA22-4C63-9101-CCABD912EE36}.Release|Any CPU.ActiveCfg = Release|Any CPU
		{79AE971C-CA22-4C63-9101-CCABD912EE36}.Release|Any CPU.Build.0 = Release|Any CPU
		{79AE971C-CA22-4C63-9101-CCABD912EE36}.Release|ARM.ActiveCfg = Release|Any CPU
		{79AE971C-CA22-4C63-9101-CCABD912EE36}.Release|ARM.Build.0 = Release|Any CPU
		{79AE971C-CA22-4C63-9101-CCABD912EE36}.Release|ARM64.ActiveCfg = Release|Any CPU
		{79AE971C-CA22-4C63-9101-CCABD912EE36}.Release|ARM64.Build.0 = Release|Any CPU
		{79AE971C-CA22-4C63-9101-CCABD912EE36}.Release|x64.ActiveCfg = Release|Any CPU
		{79AE971C-CA22-4C63-9101-CCABD912EE36}.Release|x64.Build.0 = Release|Any CPU
		{79AE971C-CA22-4C63-9101-CCABD912EE36}.Release|x86.ActiveCfg = Release|Any CPU
		{79AE971C-CA22-4C63-9101-CCABD912EE36}.Release|x86.Build.0 = Release|Any CPU
		{C4E7A140-0B19-4F2D-9F9C-73997FB8061F}.Debug|Any CPU.ActiveCfg = Debug|Any CPU
		{C4E7A140-0B19-4F2D-9F9C-73997FB8061F}.Debug|Any CPU.Build.0 = Debug|Any CPU
		{C4E7A140-0B19-4F2D-9F9C-73997FB8061F}.Debug|ARM.ActiveCfg = Debug|Any CPU
		{C4E7A140-0B19-4F2D-9F9C-73997FB8061F}.Debug|ARM.Build.0 = Debug|Any CPU
		{C4E7A140-0B19-4F2D-9F9C-73997FB8061F}.Debug|ARM64.ActiveCfg = Debug|Any CPU
		{C4E7A140-0B19-4F2D-9F9C-73997FB8061F}.Debug|ARM64.Build.0 = Debug|Any CPU
		{C4E7A140-0B19-4F2D-9F9C-73997FB8061F}.Debug|x64.ActiveCfg = Debug|x64
		{C4E7A140-0B19-4F2D-9F9C-73997FB8061F}.Debug|x64.Build.0 = Debug|x64
		{C4E7A140-0B19-4F2D-9F9C-73997FB8061F}.Debug|x86.ActiveCfg = Debug|Any CPU
		{C4E7A140-0B19-4F2D-9F9C-73997FB8061F}.Debug|x86.Build.0 = Debug|Any CPU
		{C4E7A140-0B19-4F2D-9F9C-73997FB8061F}.Release|Any CPU.ActiveCfg = Release|Any CPU
		{C4E7A140-0B19-4F2D-9F9C-73997FB8061F}.Release|Any CPU.Build.0 = Release|Any CPU
		{C4E7A140-0B19-4F2D-9F9C-73997FB8061F}.Release|ARM.ActiveCfg = Release|Any CPU
		{C4E7A140-0B19-4F2D-9F9C-73997FB8061F}.Release|ARM.Build.0 = Release|Any CPU
		{C4E7A140-0B19-4F2D-9F9C-73997FB8061F}.Release|ARM64.ActiveCfg = Release|Any CPU
		{C4E7A140-0B19-4F2D-9F9C-73997FB8061F}.Release|ARM64.Build.0 = Release|Any CPU
		{C4E7A140-0B19-4F2D-9F9C-73997FB8061F}.Release|x64.ActiveCfg = Release|Any CPU
		{C4E7A140-0B19-4F2D-9F9C-73997FB8061F}.Release|x64.Build.0 = Release|Any CPU
		{C4E7A140-0B19-4F2D-9F9C-73997FB8061F}.Release|x86.ActiveCfg = Release|Any CPU
		{C4E7A140-0B19-4F2D-9F9C-73997FB8061F}.Release|x86.Build.0 = Release|Any CPU
		{F9976F2E-C1C8-410E-9BCB-C1FD4F9E9D9D}.Debug|Any CPU.ActiveCfg = Debug|Any CPU
		{F9976F2E-C1C8-410E-9BCB-C1FD4F9E9D9D}.Debug|Any CPU.Build.0 = Debug|Any CPU
		{F9976F2E-C1C8-410E-9BCB-C1FD4F9E9D9D}.Debug|ARM.ActiveCfg = Debug|Any CPU
		{F9976F2E-C1C8-410E-9BCB-C1FD4F9E9D9D}.Debug|ARM.Build.0 = Debug|Any CPU
		{F9976F2E-C1C8-410E-9BCB-C1FD4F9E9D9D}.Debug|ARM64.ActiveCfg = Debug|Any CPU
		{F9976F2E-C1C8-410E-9BCB-C1FD4F9E9D9D}.Debug|ARM64.Build.0 = Debug|Any CPU
		{F9976F2E-C1C8-410E-9BCB-C1FD4F9E9D9D}.Debug|x64.ActiveCfg = Debug|Any CPU
		{F9976F2E-C1C8-410E-9BCB-C1FD4F9E9D9D}.Debug|x64.Build.0 = Debug|Any CPU
		{F9976F2E-C1C8-410E-9BCB-C1FD4F9E9D9D}.Debug|x86.ActiveCfg = Debug|Any CPU
		{F9976F2E-C1C8-410E-9BCB-C1FD4F9E9D9D}.Debug|x86.Build.0 = Debug|Any CPU
		{F9976F2E-C1C8-410E-9BCB-C1FD4F9E9D9D}.Release|Any CPU.ActiveCfg = Release|Any CPU
		{F9976F2E-C1C8-410E-9BCB-C1FD4F9E9D9D}.Release|Any CPU.Build.0 = Release|Any CPU
		{F9976F2E-C1C8-410E-9BCB-C1FD4F9E9D9D}.Release|ARM.ActiveCfg = Release|Any CPU
		{F9976F2E-C1C8-410E-9BCB-C1FD4F9E9D9D}.Release|ARM.Build.0 = Release|Any CPU
		{F9976F2E-C1C8-410E-9BCB-C1FD4F9E9D9D}.Release|ARM64.ActiveCfg = Release|Any CPU
		{F9976F2E-C1C8-410E-9BCB-C1FD4F9E9D9D}.Release|ARM64.Build.0 = Release|Any CPU
		{F9976F2E-C1C8-410E-9BCB-C1FD4F9E9D9D}.Release|x64.ActiveCfg = Release|Any CPU
		{F9976F2E-C1C8-410E-9BCB-C1FD4F9E9D9D}.Release|x64.Build.0 = Release|Any CPU
		{F9976F2E-C1C8-410E-9BCB-C1FD4F9E9D9D}.Release|x86.ActiveCfg = Release|Any CPU
		{F9976F2E-C1C8-410E-9BCB-C1FD4F9E9D9D}.Release|x86.Build.0 = Release|Any CPU
	EndGlobalSection
	GlobalSection(SolutionProperties) = preSolution
		HideSolutionNode = FALSE
	EndGlobalSection
	GlobalSection(ExtensibilityGlobals) = postSolution
		SolutionGuid = {3385AC31-C93E-4A2A-96B0-8622A43B221C}
	EndGlobalSection
EndGlobal
