
Microsoft Visual Studio Solution File, Format Version 12.00
# Visual Studio Version 16
VisualStudioVersion = 16.0.30011.22
MinimumVisualStudioVersion = 10.0.40219.1
Project("{FAE04EC0-301F-11D3-BF4B-00C04F79EFBC}") = "CD4.UI", "CD4.UI\CD4.UI.csproj", "{DC715704-CE7F-407A-A795-B72CCF8AFD9E}"
EndProject
Project("{00D1A9C2-B5F0-4AF3-8072-F6C62B433612}") = "CD4.Data", "CD4.Data\CD4.Data.sqlproj", "{E7D9DD5B-1699-47F8-818C-F5B0B67085B6}"
EndProject
Project("{FAE04EC0-301F-11D3-BF4B-00C04F79EFBC}") = "CD4.UI.Library", "CD4.UI.Library\CD4.UI.Library.csproj", "{87A4ABE4-6121-4D2B-A9A1-D68D053AEAFD}"
EndProject
Project("{FAE04EC0-301F-11D3-BF4B-00C04F79EFBC}") = "CD4.DataLibrary", "CD4.DataLibrary\CD4.DataLibrary.csproj", "{66FB9BAF-B529-4DFD-B0E9-E41B78F4EA76}"
EndProject
Project("{FAE04EC0-301F-11D3-BF4B-00C04F79EFBC}") = "CD4.UI.Library.Test", "CD4.UI.Library.Test\CD4.UI.Library.Test.csproj", "{D24066D9-0F24-48CC-9EE5-FBB916B794EA}"
EndProject
Project("{FAE04EC0-301F-11D3-BF4B-00C04F79EFBC}") = "CD4.ExcelInterface", "CD4.ExcelInterface\CD4.ExcelInterface.csproj", "{9E29C2BD-43AC-47D6-B546-90F918FEC8D6}"
EndProject
Project("{FAE04EC0-301F-11D3-BF4B-00C04F79EFBC}") = "CD4.ExcelInterface.Tests", "CD4.ExcelInterface.Tests\CD4.ExcelInterface.Tests.csproj", "{8BF007D0-24D7-48A8-83A1-360DBC2A99CD}"
EndProject
Project("{9A19103F-16F7-4668-BE54-9A1E7A4F7556}") = "CD4.ResultsInterface", "CD4.ResultsInterface\CD4.ResultsInterface.csproj", "{9631767C-1FA2-414A-BE49-596CF993270F}"
EndProject
Global
	GlobalSection(SolutionConfigurationPlatforms) = preSolution
		Debug|Any CPU = Debug|Any CPU
		Debug|x64 = Debug|x64
		Debug|x86 = Debug|x86
		Release|Any CPU = Release|Any CPU
		Release|x64 = Release|x64
		Release|x86 = Release|x86
	EndGlobalSection
	GlobalSection(ProjectConfigurationPlatforms) = postSolution
		{DC715704-CE7F-407A-A795-B72CCF8AFD9E}.Debug|Any CPU.ActiveCfg = Debug|Any CPU
		{DC715704-CE7F-407A-A795-B72CCF8AFD9E}.Debug|Any CPU.Build.0 = Debug|Any CPU
		{DC715704-CE7F-407A-A795-B72CCF8AFD9E}.Debug|x64.ActiveCfg = Debug|x64
		{DC715704-CE7F-407A-A795-B72CCF8AFD9E}.Debug|x64.Build.0 = Debug|x64
		{DC715704-CE7F-407A-A795-B72CCF8AFD9E}.Debug|x86.ActiveCfg = Debug|x86
		{DC715704-CE7F-407A-A795-B72CCF8AFD9E}.Debug|x86.Build.0 = Debug|x86
		{DC715704-CE7F-407A-A795-B72CCF8AFD9E}.Release|Any CPU.ActiveCfg = Release|Any CPU
		{DC715704-CE7F-407A-A795-B72CCF8AFD9E}.Release|Any CPU.Build.0 = Release|Any CPU
		{DC715704-CE7F-407A-A795-B72CCF8AFD9E}.Release|x64.ActiveCfg = Release|x64
		{DC715704-CE7F-407A-A795-B72CCF8AFD9E}.Release|x64.Build.0 = Release|x64
		{DC715704-CE7F-407A-A795-B72CCF8AFD9E}.Release|x86.ActiveCfg = Release|x86
		{DC715704-CE7F-407A-A795-B72CCF8AFD9E}.Release|x86.Build.0 = Release|x86
		{E7D9DD5B-1699-47F8-818C-F5B0B67085B6}.Debug|Any CPU.ActiveCfg = Debug|Any CPU
		{E7D9DD5B-1699-47F8-818C-F5B0B67085B6}.Debug|Any CPU.Build.0 = Debug|Any CPU
		{E7D9DD5B-1699-47F8-818C-F5B0B67085B6}.Debug|Any CPU.Deploy.0 = Debug|Any CPU
		{E7D9DD5B-1699-47F8-818C-F5B0B67085B6}.Debug|x64.ActiveCfg = Debug|x64
		{E7D9DD5B-1699-47F8-818C-F5B0B67085B6}.Debug|x64.Build.0 = Debug|x64
		{E7D9DD5B-1699-47F8-818C-F5B0B67085B6}.Debug|x64.Deploy.0 = Debug|x64
		{E7D9DD5B-1699-47F8-818C-F5B0B67085B6}.Debug|x86.ActiveCfg = Debug|x86
		{E7D9DD5B-1699-47F8-818C-F5B0B67085B6}.Debug|x86.Build.0 = Debug|x86
		{E7D9DD5B-1699-47F8-818C-F5B0B67085B6}.Debug|x86.Deploy.0 = Debug|x86
		{E7D9DD5B-1699-47F8-818C-F5B0B67085B6}.Release|Any CPU.ActiveCfg = Release|Any CPU
		{E7D9DD5B-1699-47F8-818C-F5B0B67085B6}.Release|Any CPU.Build.0 = Release|Any CPU
		{E7D9DD5B-1699-47F8-818C-F5B0B67085B6}.Release|Any CPU.Deploy.0 = Release|Any CPU
		{E7D9DD5B-1699-47F8-818C-F5B0B67085B6}.Release|x64.ActiveCfg = Release|x64
		{E7D9DD5B-1699-47F8-818C-F5B0B67085B6}.Release|x64.Build.0 = Release|x64
		{E7D9DD5B-1699-47F8-818C-F5B0B67085B6}.Release|x64.Deploy.0 = Release|x64
		{E7D9DD5B-1699-47F8-818C-F5B0B67085B6}.Release|x86.ActiveCfg = Release|x86
		{E7D9DD5B-1699-47F8-818C-F5B0B67085B6}.Release|x86.Build.0 = Release|x86
		{E7D9DD5B-1699-47F8-818C-F5B0B67085B6}.Release|x86.Deploy.0 = Release|x86
		{87A4ABE4-6121-4D2B-A9A1-D68D053AEAFD}.Debug|Any CPU.ActiveCfg = Debug|Any CPU
		{87A4ABE4-6121-4D2B-A9A1-D68D053AEAFD}.Debug|Any CPU.Build.0 = Debug|Any CPU
		{87A4ABE4-6121-4D2B-A9A1-D68D053AEAFD}.Debug|x64.ActiveCfg = Debug|x64
		{87A4ABE4-6121-4D2B-A9A1-D68D053AEAFD}.Debug|x64.Build.0 = Debug|x64
		{87A4ABE4-6121-4D2B-A9A1-D68D053AEAFD}.Debug|x86.ActiveCfg = Debug|x86
		{87A4ABE4-6121-4D2B-A9A1-D68D053AEAFD}.Debug|x86.Build.0 = Debug|x86
		{87A4ABE4-6121-4D2B-A9A1-D68D053AEAFD}.Release|Any CPU.ActiveCfg = Release|Any CPU
		{87A4ABE4-6121-4D2B-A9A1-D68D053AEAFD}.Release|Any CPU.Build.0 = Release|Any CPU
		{87A4ABE4-6121-4D2B-A9A1-D68D053AEAFD}.Release|x64.ActiveCfg = Release|x64
		{87A4ABE4-6121-4D2B-A9A1-D68D053AEAFD}.Release|x64.Build.0 = Release|x64
		{87A4ABE4-6121-4D2B-A9A1-D68D053AEAFD}.Release|x86.ActiveCfg = Release|x86
		{87A4ABE4-6121-4D2B-A9A1-D68D053AEAFD}.Release|x86.Build.0 = Release|x86
		{66FB9BAF-B529-4DFD-B0E9-E41B78F4EA76}.Debug|Any CPU.ActiveCfg = Debug|Any CPU
		{66FB9BAF-B529-4DFD-B0E9-E41B78F4EA76}.Debug|Any CPU.Build.0 = Debug|Any CPU
		{66FB9BAF-B529-4DFD-B0E9-E41B78F4EA76}.Debug|x64.ActiveCfg = Debug|x64
		{66FB9BAF-B529-4DFD-B0E9-E41B78F4EA76}.Debug|x64.Build.0 = Debug|x64
		{66FB9BAF-B529-4DFD-B0E9-E41B78F4EA76}.Debug|x86.ActiveCfg = Debug|x86
		{66FB9BAF-B529-4DFD-B0E9-E41B78F4EA76}.Debug|x86.Build.0 = Debug|x86
		{66FB9BAF-B529-4DFD-B0E9-E41B78F4EA76}.Release|Any CPU.ActiveCfg = Release|Any CPU
		{66FB9BAF-B529-4DFD-B0E9-E41B78F4EA76}.Release|Any CPU.Build.0 = Release|Any CPU
		{66FB9BAF-B529-4DFD-B0E9-E41B78F4EA76}.Release|x64.ActiveCfg = Release|x64
		{66FB9BAF-B529-4DFD-B0E9-E41B78F4EA76}.Release|x64.Build.0 = Release|x64
		{66FB9BAF-B529-4DFD-B0E9-E41B78F4EA76}.Release|x86.ActiveCfg = Release|x86
		{66FB9BAF-B529-4DFD-B0E9-E41B78F4EA76}.Release|x86.Build.0 = Release|x86
		{D24066D9-0F24-48CC-9EE5-FBB916B794EA}.Debug|Any CPU.ActiveCfg = Debug|Any CPU
		{D24066D9-0F24-48CC-9EE5-FBB916B794EA}.Debug|Any CPU.Build.0 = Debug|Any CPU
		{D24066D9-0F24-48CC-9EE5-FBB916B794EA}.Debug|x64.ActiveCfg = Debug|x64
		{D24066D9-0F24-48CC-9EE5-FBB916B794EA}.Debug|x64.Build.0 = Debug|x64
		{D24066D9-0F24-48CC-9EE5-FBB916B794EA}.Debug|x86.ActiveCfg = Debug|x86
		{D24066D9-0F24-48CC-9EE5-FBB916B794EA}.Debug|x86.Build.0 = Debug|x86
		{D24066D9-0F24-48CC-9EE5-FBB916B794EA}.Release|Any CPU.ActiveCfg = Release|Any CPU
		{D24066D9-0F24-48CC-9EE5-FBB916B794EA}.Release|Any CPU.Build.0 = Release|Any CPU
		{D24066D9-0F24-48CC-9EE5-FBB916B794EA}.Release|x64.ActiveCfg = Release|x64
		{D24066D9-0F24-48CC-9EE5-FBB916B794EA}.Release|x64.Build.0 = Release|x64
		{D24066D9-0F24-48CC-9EE5-FBB916B794EA}.Release|x86.ActiveCfg = Release|x86
		{D24066D9-0F24-48CC-9EE5-FBB916B794EA}.Release|x86.Build.0 = Release|x86
		{9E29C2BD-43AC-47D6-B546-90F918FEC8D6}.Debug|Any CPU.ActiveCfg = Debug|Any CPU
		{9E29C2BD-43AC-47D6-B546-90F918FEC8D6}.Debug|Any CPU.Build.0 = Debug|Any CPU
		{9E29C2BD-43AC-47D6-B546-90F918FEC8D6}.Debug|x64.ActiveCfg = Debug|x64
		{9E29C2BD-43AC-47D6-B546-90F918FEC8D6}.Debug|x64.Build.0 = Debug|x64
		{9E29C2BD-43AC-47D6-B546-90F918FEC8D6}.Debug|x86.ActiveCfg = Debug|x86
		{9E29C2BD-43AC-47D6-B546-90F918FEC8D6}.Debug|x86.Build.0 = Debug|x86
		{9E29C2BD-43AC-47D6-B546-90F918FEC8D6}.Release|Any CPU.ActiveCfg = Release|Any CPU
		{9E29C2BD-43AC-47D6-B546-90F918FEC8D6}.Release|Any CPU.Build.0 = Release|Any CPU
		{9E29C2BD-43AC-47D6-B546-90F918FEC8D6}.Release|x64.ActiveCfg = Release|x64
		{9E29C2BD-43AC-47D6-B546-90F918FEC8D6}.Release|x64.Build.0 = Release|x64
		{9E29C2BD-43AC-47D6-B546-90F918FEC8D6}.Release|x86.ActiveCfg = Release|x86
		{9E29C2BD-43AC-47D6-B546-90F918FEC8D6}.Release|x86.Build.0 = Release|x86
		{8BF007D0-24D7-48A8-83A1-360DBC2A99CD}.Debug|Any CPU.ActiveCfg = Debug|Any CPU
		{8BF007D0-24D7-48A8-83A1-360DBC2A99CD}.Debug|Any CPU.Build.0 = Debug|Any CPU
		{8BF007D0-24D7-48A8-83A1-360DBC2A99CD}.Debug|x64.ActiveCfg = Debug|Any CPU
		{8BF007D0-24D7-48A8-83A1-360DBC2A99CD}.Debug|x64.Build.0 = Debug|Any CPU
		{8BF007D0-24D7-48A8-83A1-360DBC2A99CD}.Debug|x86.ActiveCfg = Debug|Any CPU
		{8BF007D0-24D7-48A8-83A1-360DBC2A99CD}.Debug|x86.Build.0 = Debug|Any CPU
		{8BF007D0-24D7-48A8-83A1-360DBC2A99CD}.Release|Any CPU.ActiveCfg = Release|Any CPU
		{8BF007D0-24D7-48A8-83A1-360DBC2A99CD}.Release|Any CPU.Build.0 = Release|Any CPU
		{8BF007D0-24D7-48A8-83A1-360DBC2A99CD}.Release|x64.ActiveCfg = Release|x64
		{8BF007D0-24D7-48A8-83A1-360DBC2A99CD}.Release|x64.Build.0 = Release|x64
		{8BF007D0-24D7-48A8-83A1-360DBC2A99CD}.Release|x86.ActiveCfg = Release|Any CPU
		{8BF007D0-24D7-48A8-83A1-360DBC2A99CD}.Release|x86.Build.0 = Release|Any CPU
		{9631767C-1FA2-414A-BE49-596CF993270F}.Debug|Any CPU.ActiveCfg = Debug|Any CPU
		{9631767C-1FA2-414A-BE49-596CF993270F}.Debug|Any CPU.Build.0 = Debug|Any CPU
		{9631767C-1FA2-414A-BE49-596CF993270F}.Debug|x64.ActiveCfg = Debug|Any CPU
		{9631767C-1FA2-414A-BE49-596CF993270F}.Debug|x64.Build.0 = Debug|Any CPU
		{9631767C-1FA2-414A-BE49-596CF993270F}.Debug|x86.ActiveCfg = Debug|Any CPU
		{9631767C-1FA2-414A-BE49-596CF993270F}.Debug|x86.Build.0 = Debug|Any CPU
		{9631767C-1FA2-414A-BE49-596CF993270F}.Release|Any CPU.ActiveCfg = Release|Any CPU
		{9631767C-1FA2-414A-BE49-596CF993270F}.Release|Any CPU.Build.0 = Release|Any CPU
		{9631767C-1FA2-414A-BE49-596CF993270F}.Release|x64.ActiveCfg = Release|x64
		{9631767C-1FA2-414A-BE49-596CF993270F}.Release|x64.Build.0 = Release|x64
		{9631767C-1FA2-414A-BE49-596CF993270F}.Release|x86.ActiveCfg = Release|Any CPU
		{9631767C-1FA2-414A-BE49-596CF993270F}.Release|x86.Build.0 = Release|Any CPU
	EndGlobalSection
	GlobalSection(SolutionProperties) = preSolution
		HideSolutionNode = FALSE
	EndGlobalSection
	GlobalSection(ExtensibilityGlobals) = postSolution
		SolutionGuid = {3385AC31-C93E-4A2A-96B0-8622A43B221C}
	EndGlobalSection
EndGlobal
